github.com/rosscartlidge/completionflags v1.0.1 h1:foWd0OBmPC+M4c6vSridCUTzmPTmNpBdQBMh1TEw/sc=
github.com/rosscartlidge/completionflags v1.0.1/go.mod h1:jm2wbi1BiEisPWtfT+vDngv4KBoCL6eymjguU5EvQSo=
github.com/rosscartlidge/completionflags v1.0.2 h1:Nlx3Fydey8fwpg5mYeQY1WpY4LH1AV2YfXG4ymtzniA=
github.com/rosscartlidge/completionflags v1.0.2/go.mod h1:jm2wbi1BiEisPWtfT+vDngv4KBoCL6eymjguU5EvQSo=
github.com/rosscartlidge/completionflags v1.1.0 h1:8WJ0ZC+GQeQoZRUmVBhLjKqXc0Sim5pxOsaB+xCRQd4=
github.com/rosscartlidge/completionflags v1.1.0/go.mod h1:jm2wbi1BiEisPWtfT+vDngv4KBoCL6eymjguU5EvQSo=
github.com/rosscartlidge/completionflags v1.1.1 h1:IqBP7H8VubxSjs3eH56Yts7gOY+S7ERf4La2vyiF93g=
github.com/rosscartlidge/completionflags v1.1.1/go.mod h1:jm2wbi1BiEisPWtfT+vDngv4KBoCL6eymjguU5EvQSo=
